{
  "version": 1,
  "dependencies": {
    "net10.0-windows10.0.19041": {
      "Magick.NET-Q16-HDRI-OpenMP-x64": {
        "type": "Direct",
        "requested": "[14.13.1, )",
        "resolved": "14.13.1",
        "contentHash": "ElGwnfbdSeQVA/6UcMJ2+b0K24L5tJWZj9Z257Cl787+6sCUtEvYWh+j5ewKp07nH/yIDqK0sX7DPbgvbKhiig==",
        "dependencies": {
          "Magick.NET.Core": "14.13.1"
        }
      },
      "NetVips": {
        "type": "Direct",
        "requested": "[3.2.0, )",
        "resolved": "3.2.0",
        "contentHash": "ixVatHjsFBBvtKXYwH8jz8nF6OQIhl2e/P0N8ByGaZrlPu9VvcVQxX9zBQ13L8fUpMzKv1WXUybqW8wXZdFsCg=="
      },
      "NetVips.Native.win-x64": {
        "type": "Direct",
        "requested": "[8.18.2, )",
        "resolved": "8.18.2",
        "contentHash": "8C0JtAzUqaD3teufWGrA9iNwsr1koYj/ApBVh3DNIQwANkkAmwkuoLhKu86HjvGFzI0XiP06/LevpJrp+Oa+MQ=="
      },
      "SkiaSharp": {
        "type": "Direct",
        "requested": "[3.119.4, )",
        "resolved": "3.119.4",
        "contentHash": "53NOSUZ1Us+91Sm0uCkIivh/k7jOowRErZT2sIWwPFN9mLUvdxnE6rS4sWo4255+Rd2MWUSF+j0NMZHD6Cke+Q==",
        "dependencies": {
          "SkiaSharp.NativeAssets.Win32": "3.119.4"
        }
      },
      "SkiaSharp.Views.WPF": {
        "type": "Direct",
        "requested": "[3.119.4, )",
        "resolved": "3.119.4",
        "contentHash": "dZMmR1R3UbO5FR7bX5aYGzyGahboVDuDUiQqNrsJTbeBvOZoO8tZuLPx5/qcaG0GtgMiRwcn+92qVUfBOwxUuQ==",
        "dependencies": {
          "OpenTK": "4.3.0",
          "OpenTK.GLWpfControl": "4.2.3",
          "SkiaSharp": "3.119.4",
          "SkiaSharp.Views.Desktop.Common": "3.119.4"
        }
      },
      "Magick.NET.Core": {
        "type": "Transitive",
        "resolved": "14.13.1",
        "contentHash": "BhqOKCLixvj/Ofwe+aRPHqoGdWekvKavsQrivBSuUq0zzzijnIF/OxqVA+GCd6WP46C4PaIfGhR65BPi2M0cKg=="
      },
      "OpenTK": {
        "type": "Transitive",
        "resolved": "4.3.0",
        "contentHash": "w2oiuLDpZbSCyqzHEFFLTO6JMNadHWS6Pp68U68lfzdTrzTQQqyH7x+/PJidsk+wRSDopaH9e03/KzYB9Fs+7Q==",
        "dependencies": {
          "OpenTK.Compute": "4.3.0",
          "OpenTK.Core": "4.3.0",
          "OpenTK.Graphics": "4.3.0",
          "OpenTK.Input": "4.3.0",
          "OpenTK.Mathematics": "4.3.0",
          "OpenTK.OpenAL": "4.3.0",
          "OpenTK.Windowing.Common": "4.3.0",
          "OpenTK.Windowing.Desktop": "4.3.0",
          "OpenTK.Windowing.GraphicsLibraryFramework": "4.3.0"
        }
      },
      "OpenTK.Compute": {
        "type": "Transitive",
        "resolved": "4.3.0",
        "contentHash": "XrMVjBPp1PNuz7z7hdNyO2oBsAPZHcHzILs7ewtEP09CM1KPVwZDAsIjOjEJesLCWrNr+jm6+3TvHActYkk4lQ=="
      },
      "OpenTK.Core": {
        "type": "Transitive",
        "resolved": "4.3.0",
        "contentHash": "Hu+4U+tvnQW++y8Gj4OggLVuhclLm1hVN9ZIc3e9d8uo15CWYOSycw+FQhaRH3aibFv1vFYgH+bMIHM509YwYg=="
      },
      "OpenTK.GLWpfControl": {
        "type": "Transitive",
        "resolved": "4.2.3",
        "contentHash": "VIq15MqeMB42v7cuoPcbHAFzdlOcN5DZEhguuQVdvZP0NlfajjaoVDqtP3koOWLs1how2YqCaVk1qIvsuRdQqQ==",
        "dependencies": {
          "OpenTK": "[4.3.0, 5.0.0)"
        }
      },
      "OpenTK.Graphics": {
        "type": "Transitive",
        "resolved": "4.3.0",
        "contentHash": "N1XXKrX+op6ORxkRoLa8mb/rMQVTW4YsJraneyU0RKqZ04PeOwcnX6BFb+mJISZnbtk+3SyYlWLjSsQjDdFbRg==",
        "dependencies": {
          "OpenTK.Core": "[4.3.0, 4.4.0)",
          "OpenTK.Mathematics": "[4.3.0, 4.4.0)"
        }
      },
      "OpenTK.Input": {
        "type": "Transitive",
        "resolved": "4.3.0",
        "contentHash": "tvTQlC87bnNWN5BPOxCqSE2UJ6RKz/r342I25XBfeF/TNpw9Ad6upLdok8l8Nhess9LUItOPT6uBBdOlMEO0cA=="
      },
      "OpenTK.Mathematics": {
        "type": "Transitive",
        "resolved": "4.3.0",
        "contentHash": "3yiHBaEeV6OVu7La6961Jx7xoP7dJoZXcRJaDqqPrEmmIuwUx2i4AQI60UpGmcrMJ11QhicmW6zjb8aZYySYrw=="
      },
      "OpenTK.OpenAL": {
        "type": "Transitive",
        "resolved": "4.3.0",
        "contentHash": "zDzP8wsppS/5jwW8RUaac/bWOrZV5rB8Faejy5vLVE1ixWKclOEyO30ADOO3XZ+IWNKioX5wMhzKcy8kfsKKew==",
        "dependencies": {
          "OpenTK.Core": "[4.3.0, 4.4.0)",
          "OpenTK.Mathematics": "[4.3.0, 4.4.0)"
        }
      },
      "OpenTK.redist.glfw": {
        "type": "Transitive",
        "resolved": "3.3.0-pre20200830200122",
        "contentHash": "EKE9pJCFHScbqOv/t0zG1h5Eh24nWr44SXYnpYtAWDhJhzAoUoI8TwDRXGvTGhDeCBp8ONEaVsq9xRC+OQIxQA=="
      },
      "OpenTK.Windowing.Common": {
        "type": "Transitive",
        "resolved": "4.3.0",
        "contentHash": "HKKMHsv+eQrB3C3ySCcYS0yfKNZ/SM0v1upqBLEN5khs7IVPQ/wRwdR+OaPH/9v11pYtdNQL/XtkPVV0SC8jWA==",
        "dependencies": {
          "OpenTK.Core": "[4.3.0, 4.4.0)",
          "OpenTK.Mathematics": "[4.3.0, 4.4.0)"
        }
      },
      "OpenTK.Windowing.Desktop": {
        "type": "Transitive",
        "resolved": "4.3.0",
        "contentHash": "pomhIDKQGGLn+5jAWCUsxAcHLOwO4/43pmcXA2xVKRcrvRQgY0QCUcroQRDwGam+8SinRBSTa0PNVNbDxZhoRA==",
        "dependencies": {
          "OpenTK.Core": "[4.3.0, 4.4.0)",
          "OpenTK.Mathematics": "[4.3.0, 4.4.0)",
          "OpenTK.Windowing.Common": "[4.3.0, 4.4.0)",
          "OpenTK.Windowing.GraphicsLibraryFramework": "[4.3.0, 4.4.0)"
        }
      },
      "OpenTK.Windowing.GraphicsLibraryFramework": {
        "type": "Transitive",
        "resolved": "4.3.0",
        "contentHash": "R8H4ynmYUYuow/QNx4pnvPGR8Z6KUP54rVlnsH5tRkDYBU/m6bWmvFFvAA492rRyM5nt+6zAqGjv8GXY+8sylA==",
        "dependencies": {
          "OpenTK.Core": "[4.3.0, 4.4.0)",
          "OpenTK.redist.glfw": "[3.3.0-pre20200830200122, 3.4.0-pre)"
        }
      },
      "SkiaSharp.NativeAssets.Win32": {
        "type": "Transitive",
        "resolved": "3.119.4",
        "contentHash": "XOpbx/4CReO2wYsq2s6rbvdauc6dntG4Zv499sHGTJ87bwZaFXszFkwql3+FIZMc8kUPeaj3Mx2ezIJmo8a1Kg=="
      },
      "SkiaSharp.Views.Desktop.Common": {
        "type": "Transitive",
        "resolved": "3.119.4",
        "contentHash": "u+2Fsu0fIyGBk3rdjXIzWWlPdLJ1hTDhQA/xa67pwhn3ly01s2K0+7xYigzQOMhoawcyCWwcXe7m7S+FUPEDDA==",
        "dependencies": {
          "SkiaSharp": "3.119.4"
        }
      }
    },
    "net10.0-windows10.0.19041/win-x64": {
      "Magick.NET-Q16-HDRI-OpenMP-x64": {
        "type": "Direct",
        "requested": "[14.13.1, )",
        "resolved": "14.13.1",
        "contentHash": "ElGwnfbdSeQVA/6UcMJ2+b0K24L5tJWZj9Z257Cl787+6sCUtEvYWh+j5ewKp07nH/yIDqK0sX7DPbgvbKhiig==",
        "dependencies": {
          "Magick.NET.Core": "14.13.1"
        }
      },
      "NetVips.Native.win-x64": {
        "type": "Direct",
        "requested": "[8.18.2, )",
        "resolved": "8.18.2",
        "contentHash": "8C0JtAzUqaD3teufWGrA9iNwsr1koYj/ApBVh3DNIQwANkkAmwkuoLhKu86HjvGFzI0XiP06/LevpJrp+Oa+MQ=="
      },
      "OpenTK.redist.glfw": {
        "type": "Transitive",
        "resolved": "3.3.0-pre20200830200122",
        "contentHash": "EKE9pJCFHScbqOv/t0zG1h5Eh24nWr44SXYnpYtAWDhJhzAoUoI8TwDRXGvTGhDeCBp8ONEaVsq9xRC+OQIxQA=="
      },
      "SkiaSharp.NativeAssets.Win32": {
        "type": "Transitive",
        "resolved": "3.119.4",
        "contentHash": "XOpbx/4CReO2wYsq2s6rbvdauc6dntG4Zv499sHGTJ87bwZaFXszFkwql3+FIZMc8kUPeaj3Mx2ezIJmo8a1Kg=="
      }
    }
  }
}