{
  "version": 1,
  "dependencies": {
    "net10.0-windows10.0.19041": {
      "MSTest": {
        "type": "Direct",
        "requested": "[4.0.2, )",
        "resolved": "4.0.2",
        "contentHash": "8kSG2Rad6oFJQvqlw8eubMNFCLsB7dNq/z5wHHWDhibz30ajGBS+td2IzCAfN/1zS+SFOOjO7Wda0VM+qUTeWA==",
        "dependencies": {
          "MSTest.TestAdapter": "4.0.2",
          "MSTest.TestFramework": "4.0.2",
          "Microsoft.NET.Test.Sdk": "18.0.1",
          "Microsoft.Testing.Extensions.CodeCoverage": "18.1.0",
          "Microsoft.Testing.Extensions.TrxReport": "2.0.2"
        }
      },
      "Magick.NET-Q16-HDRI-OpenMP-x64": {
        "type": "Transitive",
        "resolved": "14.13.1",
        "contentHash": "ElGwnfbdSeQVA/6UcMJ2+b0K24L5tJWZj9Z257Cl787+6sCUtEvYWh+j5ewKp07nH/yIDqK0sX7DPbgvbKhiig==",
        "dependencies": {
          "Magick.NET.Core": "14.13.1"
        }
      },
      "Magick.NET.Core": {
        "type": "Transitive",
        "resolved": "14.13.1",
        "contentHash": "BhqOKCLixvj/Ofwe+aRPHqoGdWekvKavsQrivBSuUq0zzzijnIF/OxqVA+GCd6WP46C4PaIfGhR65BPi2M0cKg=="
      },
      "Microsoft.ApplicationInsights": {
        "type": "Transitive",
        "resolved": "2.23.0",
        "contentHash": "nWArUZTdU7iqZLycLKWe0TDms48KKGE6pONH2terYNa8REXiqixrMOkf1sk5DHGMaUTqONU2YkS4SAXBhLStgw=="
      },
      "Microsoft.CodeCoverage": {
        "type": "Transitive",
        "resolved": "18.0.1",
        "contentHash": "O+utSr97NAJowIQT/OVp3Lh9QgW/wALVTP4RG1m2AfFP4IyJmJz0ZBmFJUsRQiAPgq6IRC0t8AAzsiPIsaUDEA=="
      },
      "Microsoft.DiaSymReader": {
        "type": "Transitive",
        "resolved": "2.0.0",
        "contentHash": "QcZrCETsBJqy/vQpFtJc+jSXQ0K5sucQ6NUFbTNVHD4vfZZOwjZ/3sBzczkC4DityhD3AVO/+K/+9ioLs1AgRA=="
      },
      "Microsoft.Extensions.DependencyModel": {
        "type": "Transitive",
        "resolved": "6.0.2",
        "contentHash": "HS5YsudCGSVoCVdsYJ5FAO9vx0z04qSAXgVzpDJSQ1/w/X9q8hrQVGU2p+Yfui+2KcXLL+Zjc0SX3yJWtBmYiw=="
      },
      "Microsoft.NET.Test.Sdk": {
        "type": "Transitive",
        "resolved": "18.0.1",
        "contentHash": "WNpu6vI2rA0pXY4r7NKxCN16XRWl5uHu6qjuyVLoDo6oYEggIQefrMjkRuibQHm/NslIUNCcKftvoWAN80MSAg==",
        "dependencies": {
          "Microsoft.CodeCoverage": "18.0.1",
          "Microsoft.TestPlatform.TestHost": "18.0.1"
        }
      },
      "Microsoft.Testing.Extensions.CodeCoverage": {
        "type": "Transitive",
        "resolved": "18.1.0",
        "contentHash": "FJUCocHSPSjbeoGE/OojOhVUXwDng3VdNlwqzif9hMS2eFcG0f8RdjLM537aBsjP7zLHvGnWXbnUnc61v/EFCA==",
        "dependencies": {
          "Microsoft.DiaSymReader": "2.0.0",
          "Microsoft.Extensions.DependencyModel": "6.0.2",
          "Microsoft.Testing.Platform": "2.0.0"
        }
      },
      "Microsoft.Testing.Extensions.Telemetry": {
        "type": "Transitive",
        "resolved": "2.0.2",
        "contentHash": "H580BvHyuADoWzlH9zRk5fqVyGucm6mhph+k40CQc9O4ie+Buxa4Pk9Q92BEClqIICqi25J7fuMII9qFYYgKtw==",
        "dependencies": {
          "Microsoft.ApplicationInsights": "2.23.0",
          "Microsoft.Testing.Platform": "2.0.2"
        }
      },
      "Microsoft.Testing.Extensions.TrxReport": {
        "type": "Transitive",
        "resolved": "2.0.2",
        "contentHash": "6Tz2wZTNH/3hiskarOM5X9JaHV0QpIdIvEiLv6BJeJvtPS6AY+S47rg4K+czGSjQTkIgu5kT9SgZOwbfdhDD9Q==",
        "dependencies": {
          "Microsoft.Testing.Extensions.TrxReport.Abstractions": "2.0.2",
          "Microsoft.Testing.Platform": "2.0.2"
        }
      },
      "Microsoft.Testing.Extensions.TrxReport.Abstractions": {
        "type": "Transitive",
        "resolved": "2.0.2",
        "contentHash": "MrHYdPZ1CiyYp5bfjzNSghfVwl/I9osMazcZMAbwZY0BhR32i70YLf4zSXECvU2qt2PvDdrjYpGRgBscFbjDpw==",
        "dependencies": {
          "Microsoft.Testing.Platform": "2.0.2"
        }
      },
      "Microsoft.Testing.Extensions.VSTestBridge": {
        "type": "Transitive",
        "resolved": "2.0.2",
        "contentHash": "6WSUZyv71NmF1bhFWpNht2bskVWL/5Lcu9qxDUnnboYRiujh9w4swn/cPSbVCSGXwyMq9uKRlI9zZ+ReBO8e+Q==",
        "dependencies": {
          "Microsoft.TestPlatform.AdapterUtilities": "18.0.1",
          "Microsoft.TestPlatform.ObjectModel": "18.0.1",
          "Microsoft.Testing.Extensions.Telemetry": "2.0.2",
          "Microsoft.Testing.Extensions.TrxReport.Abstractions": "2.0.2",
          "Microsoft.Testing.Platform": "2.0.2"
        }
      },
      "Microsoft.Testing.Platform": {
        "type": "Transitive",
        "resolved": "2.0.2",
        "contentHash": "43NCOTEENtdc9fmlzX9KHQR14AZEYek5r4jOJlWPhTyV1+aYAQYl4x773nYXU5TKxV6+rMuniJ7wcj9C9qrP1A=="
      },
      "Microsoft.Testing.Platform.MSBuild": {
        "type": "Transitive",
        "resolved": "2.0.2",
        "contentHash": "2zKkQKaUoaKgb/3AekboWOdLMh4upCo1nLWQnjGzp8r9YjiNOZRrzTsJQ3A4U03AcbH0evlIvFDKYSUqmTVuug==",
        "dependencies": {
          "Microsoft.Testing.Platform": "2.0.2"
        }
      },
      "Microsoft.TestPlatform.AdapterUtilities": {
        "type": "Transitive",
        "resolved": "18.0.1",
        "contentHash": "gXIugDKnACB8p93+9dFnMdE7vvs0ZrjjDltdGC4VylbKK7gPegWYASGjryVkIDvFr56Ulx4UDIKsB71qYHJBWg=="
      },
      "Microsoft.TestPlatform.ObjectModel": {
        "type": "Transitive",
        "resolved": "18.0.1",
        "contentHash": "qT/mwMcLF9BieRkzOBPL2qCopl8hQu6A1P7JWAoj/FMu5i9vds/7cjbJ/LLtaiwWevWLAeD5v5wjQJ/l6jvhWQ=="
      },
      "Microsoft.TestPlatform.TestHost": {
        "type": "Transitive",
        "resolved": "18.0.1",
        "contentHash": "uDJKAEjFTaa2wHdWlfo6ektyoh+WD4/Eesrwb4FpBFKsLGehhACVnwwTI4qD3FrIlIEPlxdXg3SyrYRIcO+RRQ==",
        "dependencies": {
          "Microsoft.TestPlatform.ObjectModel": "18.0.1",
          "Newtonsoft.Json": "13.0.3"
        }
      },
      "MSTest.Analyzers": {
        "type": "Transitive",
        "resolved": "4.0.2",
        "contentHash": "83PHm/97WR6XuciUicakLXSPDFubMsphUHxQHgkUfHcF8rOjpnlKSjRazhuvcGeqy2co8ZudUNbTM+u5e5Ujow=="
      },
      "MSTest.TestAdapter": {
        "type": "Transitive",
        "resolved": "4.0.2",
        "contentHash": "AHyUqtL2GUB5Of0LRvYtz1DvNHIP7KBItI1uX4Cfvgv3Vbdc1ZaCGCN2Zac/bz0S8pQpmnf7xn5K4zrL25NERg==",
        "dependencies": {
          "MSTest.TestFramework": "4.0.2",
          "Microsoft.Testing.Extensions.VSTestBridge": "2.0.2",
          "Microsoft.Testing.Platform.MSBuild": "2.0.2"
        }
      },
      "MSTest.TestFramework": {
        "type": "Transitive",
        "resolved": "4.0.2",
        "contentHash": "ANLNvVh13tfi4ou0Xu0bZ5J83brlLufxMVVp1feUm99cWtfEn8i8PH4kskD0HSp1bFl8goZiHoCwd+fu/0L2hA==",
        "dependencies": {
          "MSTest.Analyzers": "4.0.2"
        }
      },
      "NetVips": {
        "type": "Transitive",
        "resolved": "3.2.0",
        "contentHash": "ixVatHjsFBBvtKXYwH8jz8nF6OQIhl2e/P0N8ByGaZrlPu9VvcVQxX9zBQ13L8fUpMzKv1WXUybqW8wXZdFsCg=="
      },
      "NetVips.Native.win-x64": {
        "type": "Transitive",
        "resolved": "8.18.2",
        "contentHash": "8C0JtAzUqaD3teufWGrA9iNwsr1koYj/ApBVh3DNIQwANkkAmwkuoLhKu86HjvGFzI0XiP06/LevpJrp+Oa+MQ=="
      },
      "Newtonsoft.Json": {
        "type": "Transitive",
        "resolved": "13.0.3",
        "contentHash": "HrC5BXdl00IP9zeV+0Z848QWPAoCr9P3bDEZguI+gkLcBKAOxix/tLEAAHC+UvDNPv4a2d18lOReHMOagPa+zQ=="
      },
      "OpenTK": {
        "type": "Transitive",
        "resolved": "4.3.0",
        "contentHash": "w2oiuLDpZbSCyqzHEFFLTO6JMNadHWS6Pp68U68lfzdTrzTQQqyH7x+/PJidsk+wRSDopaH9e03/KzYB9Fs+7Q==",
        "dependencies": {
          "OpenTK.Compute": "4.3.0",
          "OpenTK.Core": "4.3.0",
          "OpenTK.Graphics": "4.3.0",
          "OpenTK.Input": "4.3.0",
          "OpenTK.Mathematics": "4.3.0",
          "OpenTK.OpenAL": "4.3.0",
          "OpenTK.Windowing.Common": "4.3.0",
          "OpenTK.Windowing.Desktop": "4.3.0",
          "OpenTK.Windowing.GraphicsLibraryFramework": "4.3.0"
        }
      },
      "OpenTK.Compute": {
        "type": "Transitive",
        "resolved": "4.3.0",
        "contentHash": "XrMVjBPp1PNuz7z7hdNyO2oBsAPZHcHzILs7ewtEP09CM1KPVwZDAsIjOjEJesLCWrNr+jm6+3TvHActYkk4lQ=="
      },
      "OpenTK.Core": {
        "type": "Transitive",
        "resolved": "4.3.0",
        "contentHash": "Hu+4U+tvnQW++y8Gj4OggLVuhclLm1hVN9ZIc3e9d8uo15CWYOSycw+FQhaRH3aibFv1vFYgH+bMIHM509YwYg=="
      },
      "OpenTK.GLWpfControl": {
        "type": "Transitive",
        "resolved": "4.2.3",
        "contentHash": "VIq15MqeMB42v7cuoPcbHAFzdlOcN5DZEhguuQVdvZP0NlfajjaoVDqtP3koOWLs1how2YqCaVk1qIvsuRdQqQ==",
        "dependencies": {
          "OpenTK": "[4.3.0, 5.0.0)"
        }
      },
      "OpenTK.Graphics": {
        "type": "Transitive",
        "resolved": "4.3.0",
        "contentHash": "N1XXKrX+op6ORxkRoLa8mb/rMQVTW4YsJraneyU0RKqZ04PeOwcnX6BFb+mJISZnbtk+3SyYlWLjSsQjDdFbRg==",
        "dependencies": {
          "OpenTK.Core": "[4.3.0, 4.4.0)",
          "OpenTK.Mathematics": "[4.3.0, 4.4.0)"
        }
      },
      "OpenTK.Input": {
        "type": "Transitive",
        "resolved": "4.3.0",
        "contentHash": "tvTQlC87bnNWN5BPOxCqSE2UJ6RKz/r342I25XBfeF/TNpw9Ad6upLdok8l8Nhess9LUItOPT6uBBdOlMEO0cA=="
      },
      "OpenTK.Mathematics": {
        "type": "Transitive",
        "resolved": "4.3.0",
        "contentHash": "3yiHBaEeV6OVu7La6961Jx7xoP7dJoZXcRJaDqqPrEmmIuwUx2i4AQI60UpGmcrMJ11QhicmW6zjb8aZYySYrw=="
      },
      "OpenTK.OpenAL": {
        "type": "Transitive",
        "resolved": "4.3.0",
        "contentHash": "zDzP8wsppS/5jwW8RUaac/bWOrZV5rB8Faejy5vLVE1ixWKclOEyO30ADOO3XZ+IWNKioX5wMhzKcy8kfsKKew==",
        "dependencies": {
          "OpenTK.Core": "[4.3.0, 4.4.0)",
          "OpenTK.Mathematics": "[4.3.0, 4.4.0)"
        }
      },
      "OpenTK.redist.glfw": {
        "type": "Transitive",
        "resolved": "3.3.0-pre20200830200122",
        "contentHash": "EKE9pJCFHScbqOv/t0zG1h5Eh24nWr44SXYnpYtAWDhJhzAoUoI8TwDRXGvTGhDeCBp8ONEaVsq9xRC+OQIxQA=="
      },
      "OpenTK.Windowing.Common": {
        "type": "Transitive",
        "resolved": "4.3.0",
        "contentHash": "HKKMHsv+eQrB3C3ySCcYS0yfKNZ/SM0v1upqBLEN5khs7IVPQ/wRwdR+OaPH/9v11pYtdNQL/XtkPVV0SC8jWA==",
        "dependencies": {
          "OpenTK.Core": "[4.3.0, 4.4.0)",
          "OpenTK.Mathematics": "[4.3.0, 4.4.0)"
        }
      },
      "OpenTK.Windowing.Desktop": {
        "type": "Transitive",
        "resolved": "4.3.0",
        "contentHash": "pomhIDKQGGLn+5jAWCUsxAcHLOwO4/43pmcXA2xVKRcrvRQgY0QCUcroQRDwGam+8SinRBSTa0PNVNbDxZhoRA==",
        "dependencies": {
          "OpenTK.Core": "[4.3.0, 4.4.0)",
          "OpenTK.Mathematics": "[4.3.0, 4.4.0)",
          "OpenTK.Windowing.Common": "[4.3.0, 4.4.0)",
          "OpenTK.Windowing.GraphicsLibraryFramework": "[4.3.0, 4.4.0)"
        }
      },
      "OpenTK.Windowing.GraphicsLibraryFramework": {
        "type": "Transitive",
        "resolved": "4.3.0",
        "contentHash": "R8H4ynmYUYuow/QNx4pnvPGR8Z6KUP54rVlnsH5tRkDYBU/m6bWmvFFvAA492rRyM5nt+6zAqGjv8GXY+8sylA==",
        "dependencies": {
          "OpenTK.Core": "[4.3.0, 4.4.0)",
          "OpenTK.redist.glfw": "[3.3.0-pre20200830200122, 3.4.0-pre)"
        }
      },
      "SkiaSharp": {
        "type": "Transitive",
        "resolved": "3.119.4",
        "contentHash": "53NOSUZ1Us+91Sm0uCkIivh/k7jOowRErZT2sIWwPFN9mLUvdxnE6rS4sWo4255+Rd2MWUSF+j0NMZHD6Cke+Q==",
        "dependencies": {
          "SkiaSharp.NativeAssets.Win32": "3.119.4"
        }
      },
      "SkiaSharp.NativeAssets.Win32": {
        "type": "Transitive",
        "resolved": "3.119.4",
        "contentHash": "XOpbx/4CReO2wYsq2s6rbvdauc6dntG4Zv499sHGTJ87bwZaFXszFkwql3+FIZMc8kUPeaj3Mx2ezIJmo8a1Kg=="
      },
      "SkiaSharp.Views.Desktop.Common": {
        "type": "Transitive",
        "resolved": "3.119.4",
        "contentHash": "u+2Fsu0fIyGBk3rdjXIzWWlPdLJ1hTDhQA/xa67pwhn3ly01s2K0+7xYigzQOMhoawcyCWwcXe7m7S+FUPEDDA==",
        "dependencies": {
          "SkiaSharp": "3.119.4"
        }
      },
      "SkiaSharp.Views.WPF": {
        "type": "Transitive",
        "resolved": "3.119.4",
        "contentHash": "dZMmR1R3UbO5FR7bX5aYGzyGahboVDuDUiQqNrsJTbeBvOZoO8tZuLPx5/qcaG0GtgMiRwcn+92qVUfBOwxUuQ==",
        "dependencies": {
          "OpenTK": "4.3.0",
          "OpenTK.GLWpfControl": "4.2.3",
          "SkiaSharp": "3.119.4",
          "SkiaSharp.Views.Desktop.Common": "3.119.4"
        }
      },
      "mangosteen": {
        "type": "Project",
        "dependencies": {
          "Magick.NET-Q16-HDRI-OpenMP-x64": "[14.13.1, )",
          "NetVips": "[3.2.0, )",
          "NetVips.Native.win-x64": "[8.18.2, )",
          "SkiaSharp": "[3.119.4, )",
          "SkiaSharp.Views.WPF": "[3.119.4, )"
        }
      }
    }
  }
}